
Microsoft Visual Studio Solution File, Format Version 12.00
# Visual Studio Version 17
VisualStudioVersion = 17.5.002.0
MinimumVisualStudioVersion = 10.0.40219.1
Project("{2150E333-8FDC-42A3-9474-1A3956D46DE8}") = "seminar1", "seminar1", "{3710F988-4B94-4050-8D2D-6B3F81B61A0F}"
EndProject
Project("{9A19103F-16F7-4668-BE54-9A1E7A4F7556}") = "task1", "seminar1\task1\task1.csproj", "{1EE5F984-F290-444C-A630-D60D40995022}"
EndProject
Project("{9A19103F-16F7-4668-BE54-9A1E7A4F7556}") = "task2", "seminar1\task2\task2.csproj", "{DA18F927-A71E-483C-9BA4-4412EFDE3592}"
EndProject
Project("{9A19103F-16F7-4668-BE54-9A1E7A4F7556}") = "task3", "seminar1\task3\task3.csproj", "{C9F9FFB6-9B74-4484-AC67-EBAC56428E66}"
EndProject
Project("{9A19103F-16F7-4668-BE54-9A1E7A4F7556}") = "task4", "seminar1\task4\task4.csproj", "{F3B7FFD8-78AF-4CAD-9C50-6D19F302D835}"
EndProject
Project("{2150E333-8FDC-42A3-9474-1A3956D46DE8}") = "seminar2", "seminar2", "{63F640F6-A445-4A0A-9684-FCBED69C8BE2}"
EndProject
Project("{9A19103F-16F7-4668-BE54-9A1E7A4F7556}") = "task1", "seminar2\task1\task1.csproj", "{FA508D45-6C83-416D-8B5D-E819D91B99EB}"
EndProject
Project("{9A19103F-16F7-4668-BE54-9A1E7A4F7556}") = "task2", "seminar2\task2\task2.csproj", "{94119661-BEFB-4AB1-ADB2-538907A70982}"
EndProject
Project("{9A19103F-16F7-4668-BE54-9A1E7A4F7556}") = "task3", "seminar2\task3\task3.csproj", "{28728092-EB78-4603-B9A7-92A9BA7683E0}"
EndProject
Project("{9A19103F-16F7-4668-BE54-9A1E7A4F7556}") = "task4", "seminar2\task4\task4.csproj", "{83FF9542-4734-46EE-B76B-9F843F453E19}"
EndProject
Project("{2150E333-8FDC-42A3-9474-1A3956D46DE8}") = "seminar3", "seminar3", "{AA97A612-C0FF-4BD5-ACD2-792FC8E828EE}"
EndProject
Project("{9A19103F-16F7-4668-BE54-9A1E7A4F7556}") = "task1", "seminar3\task1\task1.csproj", "{04C46EA5-9B94-42F2-B361-D09B33130C9A}"
EndProject
Project("{9A19103F-16F7-4668-BE54-9A1E7A4F7556}") = "task2", "seminar3\task2\task2.csproj", "{647A5090-726C-4DB2-BFEE-B5109D54C6EC}"
EndProject
Project("{9A19103F-16F7-4668-BE54-9A1E7A4F7556}") = "task3", "seminar3\task3\task3.csproj", "{B0588936-BAAA-4B02-9BF1-BE5610EAC1EE}"
EndProject
Project("{9A19103F-16F7-4668-BE54-9A1E7A4F7556}") = "task4", "seminar3\task4\task4.csproj", "{EA401B47-4226-4FD1-A412-EA9E31E9393F}"
EndProject
Project("{2150E333-8FDC-42A3-9474-1A3956D46DE8}") = "seminar4", "seminar4", "{338E7E0C-F2A2-4652-BA23-65EF0626B734}"
EndProject
Project("{9A19103F-16F7-4668-BE54-9A1E7A4F7556}") = "task1", "seminar4\task1\task1.csproj", "{FD5A1970-4DD9-48B1-83E7-B3B621276A1B}"
EndProject
Project("{9A19103F-16F7-4668-BE54-9A1E7A4F7556}") = "task2", "seminar4\task2\task2.csproj", "{DE2DB4FE-3A9B-40B9-A0F5-57EDF5B2C463}"
EndProject
Project("{9A19103F-16F7-4668-BE54-9A1E7A4F7556}") = "task3", "seminar4\task3\task3.csproj", "{5610B396-39E7-4469-864B-3DE17581545E}"
EndProject
Project("{2150E333-8FDC-42A3-9474-1A3956D46DE8}") = "dz", "dz", "{4B7D5939-2D9D-493A-95BF-29B7D76C8E38}"
EndProject
Project("{9A19103F-16F7-4668-BE54-9A1E7A4F7556}") = "task1", "seminar2\dz\task1\task1.csproj", "{9A8EC996-EC52-4FF0-8F04-7D0B1ACC35C7}"
EndProject
Project("{9A19103F-16F7-4668-BE54-9A1E7A4F7556}") = "task2", "seminar2\dz\task2\task2.csproj", "{A70FEA35-9241-4875-A270-C248BFF41BED}"
EndProject
Project("{2150E333-8FDC-42A3-9474-1A3956D46DE8}") = "dz", "dz", "{41E6F0B3-3925-4FF6-BF43-7A11348B2788}"
EndProject
Project("{9A19103F-16F7-4668-BE54-9A1E7A4F7556}") = "task1", "seminar3\dz\task1\task1.csproj", "{7CDD738D-8B7C-4769-8E51-A8391F2A18F4}"
EndProject
Global
	GlobalSection(SolutionConfigurationPlatforms) = preSolution
		Debug|Any CPU = Debug|Any CPU
		Release|Any CPU = Release|Any CPU
	EndGlobalSection
	GlobalSection(ProjectConfigurationPlatforms) = postSolution
		{1EE5F984-F290-444C-A630-D60D40995022}.Debug|Any CPU.ActiveCfg = Debug|Any CPU
		{1EE5F984-F290-444C-A630-D60D40995022}.Debug|Any CPU.Build.0 = Debug|Any CPU
		{1EE5F984-F290-444C-A630-D60D40995022}.Release|Any CPU.ActiveCfg = Release|Any CPU
		{1EE5F984-F290-444C-A630-D60D40995022}.Release|Any CPU.Build.0 = Release|Any CPU
		{DA18F927-A71E-483C-9BA4-4412EFDE3592}.Debug|Any CPU.ActiveCfg = Debug|Any CPU
		{DA18F927-A71E-483C-9BA4-4412EFDE3592}.Debug|Any CPU.Build.0 = Debug|Any CPU
		{DA18F927-A71E-483C-9BA4-4412EFDE3592}.Release|Any CPU.ActiveCfg = Release|Any CPU
		{DA18F927-A71E-483C-9BA4-4412EFDE3592}.Release|Any CPU.Build.0 = Release|Any CPU
		{C9F9FFB6-9B74-4484-AC67-EBAC56428E66}.Debug|Any CPU.ActiveCfg = Debug|Any CPU
		{C9F9FFB6-9B74-4484-AC67-EBAC56428E66}.Debug|Any CPU.Build.0 = Debug|Any CPU
		{C9F9FFB6-9B74-4484-AC67-EBAC56428E66}.Release|Any CPU.ActiveCfg = Release|Any CPU
		{C9F9FFB6-9B74-4484-AC67-EBAC56428E66}.Release|Any CPU.Build.0 = Release|Any CPU
		{F3B7FFD8-78AF-4CAD-9C50-6D19F302D835}.Debug|Any CPU.ActiveCfg = Debug|Any CPU
		{F3B7FFD8-78AF-4CAD-9C50-6D19F302D835}.Debug|Any CPU.Build.0 = Debug|Any CPU
		{F3B7FFD8-78AF-4CAD-9C50-6D19F302D835}.Release|Any CPU.ActiveCfg = Release|Any CPU
		{F3B7FFD8-78AF-4CAD-9C50-6D19F302D835}.Release|Any CPU.Build.0 = Release|Any CPU
		{FA508D45-6C83-416D-8B5D-E819D91B99EB}.Debug|Any CPU.ActiveCfg = Debug|Any CPU
		{FA508D45-6C83-416D-8B5D-E819D91B99EB}.Debug|Any CPU.Build.0 = Debug|Any CPU
		{FA508D45-6C83-416D-8B5D-E819D91B99EB}.Release|Any CPU.ActiveCfg = Release|Any CPU
		{FA508D45-6C83-416D-8B5D-E819D91B99EB}.Release|Any CPU.Build.0 = Release|Any CPU
		{94119661-BEFB-4AB1-ADB2-538907A70982}.Debug|Any CPU.ActiveCfg = Debug|Any CPU
		{94119661-BEFB-4AB1-ADB2-538907A70982}.Debug|Any CPU.Build.0 = Debug|Any CPU
		{94119661-BEFB-4AB1-ADB2-538907A70982}.Release|Any CPU.ActiveCfg = Release|Any CPU
		{94119661-BEFB-4AB1-ADB2-538907A70982}.Release|Any CPU.Build.0 = Release|Any CPU
		{28728092-EB78-4603-B9A7-92A9BA7683E0}.Debug|Any CPU.ActiveCfg = Debug|Any CPU
		{28728092-EB78-4603-B9A7-92A9BA7683E0}.Debug|Any CPU.Build.0 = Debug|Any CPU
		{28728092-EB78-4603-B9A7-92A9BA7683E0}.Release|Any CPU.ActiveCfg = Release|Any CPU
		{28728092-EB78-4603-B9A7-92A9BA7683E0}.Release|Any CPU.Build.0 = Release|Any CPU
		{83FF9542-4734-46EE-B76B-9F843F453E19}.Debug|Any CPU.ActiveCfg = Debug|Any CPU
		{83FF9542-4734-46EE-B76B-9F843F453E19}.Debug|Any CPU.Build.0 = Debug|Any CPU
		{83FF9542-4734-46EE-B76B-9F843F453E19}.Release|Any CPU.ActiveCfg = Release|Any CPU
		{83FF9542-4734-46EE-B76B-9F843F453E19}.Release|Any CPU.Build.0 = Release|Any CPU
		{04C46EA5-9B94-42F2-B361-D09B33130C9A}.Debug|Any CPU.ActiveCfg = Debug|Any CPU
		{04C46EA5-9B94-42F2-B361-D09B33130C9A}.Debug|Any CPU.Build.0 = Debug|Any CPU
		{04C46EA5-9B94-42F2-B361-D09B33130C9A}.Release|Any CPU.ActiveCfg = Release|Any CPU
		{04C46EA5-9B94-42F2-B361-D09B33130C9A}.Release|Any CPU.Build.0 = Release|Any CPU
		{647A5090-726C-4DB2-BFEE-B5109D54C6EC}.Debug|Any CPU.ActiveCfg = Debug|Any CPU
		{647A5090-726C-4DB2-BFEE-B5109D54C6EC}.Debug|Any CPU.Build.0 = Debug|Any CPU
		{647A5090-726C-4DB2-BFEE-B5109D54C6EC}.Release|Any CPU.ActiveCfg = Release|Any CPU
		{647A5090-726C-4DB2-BFEE-B5109D54C6EC}.Release|Any CPU.Build.0 = Release|Any CPU
		{B0588936-BAAA-4B02-9BF1-BE5610EAC1EE}.Debug|Any CPU.ActiveCfg = Debug|Any CPU
		{B0588936-BAAA-4B02-9BF1-BE5610EAC1EE}.Debug|Any CPU.Build.0 = Debug|Any CPU
		{B0588936-BAAA-4B02-9BF1-BE5610EAC1EE}.Release|Any CPU.ActiveCfg = Release|Any CPU
		{B0588936-BAAA-4B02-9BF1-BE5610EAC1EE}.Release|Any CPU.Build.0 = Release|Any CPU
		{EA401B47-4226-4FD1-A412-EA9E31E9393F}.Debug|Any CPU.ActiveCfg = Debug|Any CPU
		{EA401B47-4226-4FD1-A412-EA9E31E9393F}.Debug|Any CPU.Build.0 = Debug|Any CPU
		{EA401B47-4226-4FD1-A412-EA9E31E9393F}.Release|Any CPU.ActiveCfg = Release|Any CPU
		{EA401B47-4226-4FD1-A412-EA9E31E9393F}.Release|Any CPU.Build.0 = Release|Any CPU
		{FD5A1970-4DD9-48B1-83E7-B3B621276A1B}.Debug|Any CPU.ActiveCfg = Debug|Any CPU
		{FD5A1970-4DD9-48B1-83E7-B3B621276A1B}.Debug|Any CPU.Build.0 = Debug|Any CPU
		{FD5A1970-4DD9-48B1-83E7-B3B621276A1B}.Release|Any CPU.ActiveCfg = Release|Any CPU
		{FD5A1970-4DD9-48B1-83E7-B3B621276A1B}.Release|Any CPU.Build.0 = Release|Any CPU
		{DE2DB4FE-3A9B-40B9-A0F5-57EDF5B2C463}.Debug|Any CPU.ActiveCfg = Debug|Any CPU
		{DE2DB4FE-3A9B-40B9-A0F5-57EDF5B2C463}.Debug|Any CPU.Build.0 = Debug|Any CPU
		{DE2DB4FE-3A9B-40B9-A0F5-57EDF5B2C463}.Release|Any CPU.ActiveCfg = Release|Any CPU
		{DE2DB4FE-3A9B-40B9-A0F5-57EDF5B2C463}.Release|Any CPU.Build.0 = Release|Any CPU
		{5610B396-39E7-4469-864B-3DE17581545E}.Debug|Any CPU.ActiveCfg = Debug|Any CPU
		{5610B396-39E7-4469-864B-3DE17581545E}.Debug|Any CPU.Build.0 = Debug|Any CPU
		{5610B396-39E7-4469-864B-3DE17581545E}.Release|Any CPU.ActiveCfg = Release|Any CPU
		{5610B396-39E7-4469-864B-3DE17581545E}.Release|Any CPU.Build.0 = Release|Any CPU
		{9A8EC996-EC52-4FF0-8F04-7D0B1ACC35C7}.Debug|Any CPU.ActiveCfg = Debug|Any CPU
		{9A8EC996-EC52-4FF0-8F04-7D0B1ACC35C7}.Debug|Any CPU.Build.0 = Debug|Any CPU
		{9A8EC996-EC52-4FF0-8F04-7D0B1ACC35C7}.Release|Any CPU.ActiveCfg = Release|Any CPU
		{9A8EC996-EC52-4FF0-8F04-7D0B1ACC35C7}.Release|Any CPU.Build.0 = Release|Any CPU
		{A70FEA35-9241-4875-A270-C248BFF41BED}.Debug|Any CPU.ActiveCfg = Debug|Any CPU
		{A70FEA35-9241-4875-A270-C248BFF41BED}.Debug|Any CPU.Build.0 = Debug|Any CPU
		{A70FEA35-9241-4875-A270-C248BFF41BED}.Release|Any CPU.ActiveCfg = Release|Any CPU
		{A70FEA35-9241-4875-A270-C248BFF41BED}.Release|Any CPU.Build.0 = Release|Any CPU
		{7CDD738D-8B7C-4769-8E51-A8391F2A18F4}.Debug|Any CPU.ActiveCfg = Debug|Any CPU
		{7CDD738D-8B7C-4769-8E51-A8391F2A18F4}.Debug|Any CPU.Build.0 = Debug|Any CPU
		{7CDD738D-8B7C-4769-8E51-A8391F2A18F4}.Release|Any CPU.ActiveCfg = Release|Any CPU
		{7CDD738D-8B7C-4769-8E51-A8391F2A18F4}.Release|Any CPU.Build.0 = Release|Any CPU
	EndGlobalSection
	GlobalSection(SolutionProperties) = preSolution
		HideSolutionNode = FALSE
	EndGlobalSection
	GlobalSection(NestedProjects) = preSolution
		{1EE5F984-F290-444C-A630-D60D40995022} = {3710F988-4B94-4050-8D2D-6B3F81B61A0F}
		{DA18F927-A71E-483C-9BA4-4412EFDE3592} = {3710F988-4B94-4050-8D2D-6B3F81B61A0F}
		{C9F9FFB6-9B74-4484-AC67-EBAC56428E66} = {3710F988-4B94-4050-8D2D-6B3F81B61A0F}
		{F3B7FFD8-78AF-4CAD-9C50-6D19F302D835} = {3710F988-4B94-4050-8D2D-6B3F81B61A0F}
		{FA508D45-6C83-416D-8B5D-E819D91B99EB} = {63F640F6-A445-4A0A-9684-FCBED69C8BE2}
		{94119661-BEFB-4AB1-ADB2-538907A70982} = {63F640F6-A445-4A0A-9684-FCBED69C8BE2}
		{28728092-EB78-4603-B9A7-92A9BA7683E0} = {63F640F6-A445-4A0A-9684-FCBED69C8BE2}
		{83FF9542-4734-46EE-B76B-9F843F453E19} = {63F640F6-A445-4A0A-9684-FCBED69C8BE2}
		{04C46EA5-9B94-42F2-B361-D09B33130C9A} = {AA97A612-C0FF-4BD5-ACD2-792FC8E828EE}
		{647A5090-726C-4DB2-BFEE-B5109D54C6EC} = {AA97A612-C0FF-4BD5-ACD2-792FC8E828EE}
		{B0588936-BAAA-4B02-9BF1-BE5610EAC1EE} = {AA97A612-C0FF-4BD5-ACD2-792FC8E828EE}
		{EA401B47-4226-4FD1-A412-EA9E31E9393F} = {AA97A612-C0FF-4BD5-ACD2-792FC8E828EE}
		{FD5A1970-4DD9-48B1-83E7-B3B621276A1B} = {338E7E0C-F2A2-4652-BA23-65EF0626B734}
		{DE2DB4FE-3A9B-40B9-A0F5-57EDF5B2C463} = {338E7E0C-F2A2-4652-BA23-65EF0626B734}
		{5610B396-39E7-4469-864B-3DE17581545E} = {338E7E0C-F2A2-4652-BA23-65EF0626B734}
		{4B7D5939-2D9D-493A-95BF-29B7D76C8E38} = {63F640F6-A445-4A0A-9684-FCBED69C8BE2}
		{9A8EC996-EC52-4FF0-8F04-7D0B1ACC35C7} = {4B7D5939-2D9D-493A-95BF-29B7D76C8E38}
		{A70FEA35-9241-4875-A270-C248BFF41BED} = {4B7D5939-2D9D-493A-95BF-29B7D76C8E38}
		{41E6F0B3-3925-4FF6-BF43-7A11348B2788} = {AA97A612-C0FF-4BD5-ACD2-792FC8E828EE}
		{7CDD738D-8B7C-4769-8E51-A8391F2A18F4} = {41E6F0B3-3925-4FF6-BF43-7A11348B2788}
	EndGlobalSection
	GlobalSection(ExtensibilityGlobals) = postSolution
		SolutionGuid = {70915820-4BE9-49B1-B1CB-F522A4458D8E}
	EndGlobalSection
EndGlobal
